
Microsoft Visual Studio Solution File, Format Version 12.00
# Visual Studio 15
VisualStudioVersion = 15.0.28010.2036
MinimumVisualStudioVersion = 10.0.40219.1
Project("{FAE04EC0-301F-11D3-BF4B-00C04F79EFBC}") = "GIAPI", "GIAPI\GIAPI.csproj", "{689EB383-C9BD-419E-816B-6665646E2425}"
EndProject
Project("{9A19103F-16F7-4668-BE54-9A1E7A4F7556}") = "GIBusiness", "GIBusiness\GIBusiness.csproj", "{48707418-4A6E-4D0A-AA65-7A36AA07247F}"
EndProject
Project("{9A19103F-16F7-4668-BE54-9A1E7A4F7556}") = "GIDataAccess", "GIDataAccess\GIDataAccess.csproj", "{4076DF97-3240-42BE-8A60-E6A02160F284}"
EndProject
Global
	GlobalSection(SolutionConfigurationPlatforms) = preSolution
		Debug|Any CPU = Debug|Any CPU
		Release|Any CPU = Release|Any CPU
	EndGlobalSection
	GlobalSection(ProjectConfigurationPlatforms) = postSolution
		{689EB383-C9BD-419E-816B-6665646E2425}.Debug|Any CPU.ActiveCfg = Debug|Any CPU
		{689EB383-C9BD-419E-816B-6665646E2425}.Debug|Any CPU.Build.0 = Debug|Any CPU
		{689EB383-C9BD-419E-816B-6665646E2425}.Release|Any CPU.ActiveCfg = Release|Any CPU
		{689EB383-C9BD-419E-816B-6665646E2425}.Release|Any CPU.Build.0 = Release|Any CPU
		{48707418-4A6E-4D0A-AA65-7A36AA07247F}.Debug|Any CPU.ActiveCfg = Debug|Any CPU
		{48707418-4A6E-4D0A-AA65-7A36AA07247F}.Debug|Any CPU.Build.0 = Debug|Any CPU
		{48707418-4A6E-4D0A-AA65-7A36AA07247F}.Release|Any CPU.ActiveCfg = Release|Any CPU
		{48707418-4A6E-4D0A-AA65-7A36AA07247F}.Release|Any CPU.Build.0 = Release|Any CPU
		{4076DF97-3240-42BE-8A60-E6A02160F284}.Debug|Any CPU.ActiveCfg = Debug|Any CPU
		{4076DF97-3240-42BE-8A60-E6A02160F284}.Debug|Any CPU.Build.0 = Debug|Any CPU
		{4076DF97-3240-42BE-8A60-E6A02160F284}.Release|Any CPU.ActiveCfg = Release|Any CPU
		{4076DF97-3240-42BE-8A60-E6A02160F284}.Release|Any CPU.Build.0 = Release|Any CPU
	EndGlobalSection
	GlobalSection(SolutionProperties) = preSolution
		HideSolutionNode = FALSE
	EndGlobalSection
	GlobalSection(ExtensibilityGlobals) = postSolution
		SolutionGuid = {D73431F7-DF92-421C-BC60-D2D664ACC68F}
	EndGlobalSection
EndGlobal
